Microsoft Visual Studio Solution File, Format Version 12.00
# Visual Studio Version 17
VisualStudioVersion = 17.13.35919.96
MinimumVisualStudioVersion = 10.0.40219.1
Project("{FAE04EC0-301F-11D3-BF4B-00C04F79EFBC}") = "Product Service", "Product Service\Product Service.csproj", "{AB28C149-93F3-4EDA-BAB1-01B86E40448C}"
EndProject
Global
	GlobalSection(SolutionConfigurationPlatforms) = preSolution
		Debug|Any CPU = Debug|Any CPU
		Release|Any CPU = Release|Any CPU
	EndGlobalSection
	GlobalSection(ProjectConfigurationPlatforms) = postSolution
		{AB28C149-93F3-4EDA-BAB1-01B86E40448C}.Debug|Any CPU.ActiveCfg = Debug|Any CPU
		{AB28C149-93F3-4EDA-BAB1-01B86E40448C}.Debug|Any CPU.Build.0 = Debug|Any CPU
		{AB28C149-93F3-4EDA-BAB1-01B86E40448C}.Release|Any CPU.ActiveCfg = Release|Any CPU
		{AB28C149-93F3-4EDA-BAB1-01B86E40448C}.Release|Any CPU.Build.0 = Release|Any CPU
	EndGlobalSection
	GlobalSection(SolutionProperties) = preSolution
		HideSolutionNode = FALSE
	EndGlobalSection
	GlobalSection(ExtensibilityGlobals) = postSolution
		SolutionGuid = {391AD133-FA8A-4E2E-8F38-7CE332BE4852}
	EndGlobalSection
EndGlobal
