Microsoft Visual Studio Solution File, Format Version 12.00
# Visual Studio Version 17
VisualStudioVersion = 17.13.35919.96
MinimumVisualStudioVersion = 10.0.40219.1
Project("{FAE04EC0-301F-11D3-BF4B-00C04F79EFBC}") = "Order Service", "Order Service\Order Service.csproj", "{3E62EA9B-0FE2-4347-8C97-47854716406C}"
EndProject
Global
	GlobalSection(SolutionConfigurationPlatforms) = preSolution
		Debug|Any CPU = Debug|Any CPU
		Release|Any CPU = Release|Any CPU
	EndGlobalSection
	GlobalSection(ProjectConfigurationPlatforms) = postSolution
		{3E62EA9B-0FE2-4347-8C97-47854716406C}.Debug|Any CPU.ActiveCfg = Debug|Any CPU
		{3E62EA9B-0FE2-4347-8C97-47854716406C}.Debug|Any CPU.Build.0 = Debug|Any CPU
		{3E62EA9B-0FE2-4347-8C97-47854716406C}.Release|Any CPU.ActiveCfg = Release|Any CPU
		{3E62EA9B-0FE2-4347-8C97-47854716406C}.Release|Any CPU.Build.0 = Release|Any CPU
	EndGlobalSection
	GlobalSection(SolutionProperties) = preSolution
		HideSolutionNode = FALSE
	EndGlobalSection
	GlobalSection(ExtensibilityGlobals) = postSolution
		SolutionGuid = {5E73DD9F-A2C5-47BC-AF6E-25C7836DAD74}
	EndGlobalSection
EndGlobal
