Microsoft Visual Studio Solution File, Format Version 12.00
# Visual Studio Version 17
VisualStudioVersion = 17.13.35919.96
MinimumVisualStudioVersion = 10.0.40219.1
Project("{FAE04EC0-301F-11D3-BF4B-00C04F79EFBC}") = "Get_away", "Get_away\Get_away.csproj", "{8A4AD3BF-FBFE-45A6-94C7-E372C89DE449}"
EndProject
Global
	GlobalSection(SolutionConfigurationPlatforms) = preSolution
		Debug|Any CPU = Debug|Any CPU
		Release|Any CPU = Release|Any CPU
	EndGlobalSection
	GlobalSection(ProjectConfigurationPlatforms) = postSolution
		{8A4AD3BF-FBFE-45A6-94C7-E372C89DE449}.Debug|Any CPU.ActiveCfg = Debug|Any CPU
		{8A4AD3BF-FBFE-45A6-94C7-E372C89DE449}.Debug|Any CPU.Build.0 = Debug|Any CPU
		{8A4AD3BF-FBFE-45A6-94C7-E372C89DE449}.Release|Any CPU.ActiveCfg = Release|Any CPU
		{8A4AD3BF-FBFE-45A6-94C7-E372C89DE449}.Release|Any CPU.Build.0 = Release|Any CPU
	EndGlobalSection
	GlobalSection(SolutionProperties) = preSolution
		HideSolutionNode = FALSE
	EndGlobalSection
	GlobalSection(ExtensibilityGlobals) = postSolution
		SolutionGuid = {F404E4C6-9C08-4763-8992-2DA50655220C}
	EndGlobalSection
EndGlobal
